
Microsoft Visual Studio Solution File, Format Version 12.00
# Visual Studio Version 17
VisualStudioVersion = 17.14.37710.0 d17.14
MinimumVisualStudioVersion = 10.0.40219.1
Project("{FAE04EC0-301F-11D3-BF4B-00C04F79EFBC}") = "Task3", "Task3\Task3.csproj", "{7092FD7F-311C-4AC5-A0E0-6430BA9D5280}"
EndProject
Global
	GlobalSection(SolutionConfigurationPlatforms) = preSolution
		Debug|Any CPU = Debug|Any CPU
		Release|Any CPU = Release|Any CPU
	EndGlobalSection
	GlobalSection(ProjectConfigurationPlatforms) = postSolution
		{7092FD7F-311C-4AC5-A0E0-6430BA9D5280}.Debug|Any CPU.ActiveCfg = Debug|Any CPU
		{7092FD7F-311C-4AC5-A0E0-6430BA9D5280}.Debug|Any CPU.Build.0 = Debug|Any CPU
		{7092FD7F-311C-4AC5-A0E0-6430BA9D5280}.Release|Any CPU.ActiveCfg = Release|Any CPU
		{7092FD7F-311C-4AC5-A0E0-6430BA9D5280}.Release|Any CPU.Build.0 = Release|Any CPU
	EndGlobalSection
	GlobalSection(SolutionProperties) = preSolution
		HideSolutionNode = FALSE
	EndGlobalSection
	GlobalSection(ExtensibilityGlobals) = postSolution
		SolutionGuid = {B391F67D-DD26-49BC-8713-F45748DDFDA7}
	EndGlobalSection
EndGlobal
