
Microsoft Visual Studio Solution File, Format Version 12.00
# Visual Studio Version 17
VisualStudioVersion = 17.14.37614.0
MinimumVisualStudioVersion = 10.0.40219.1
Project("{FAE04EC0-301F-11D3-BF4B-00C04F79EFBC}") = "Task1.3", "Task1.3\Task1.3.csproj", "{B4F6A313-1267-492C-B4C8-99F6B6EF34E6}"
EndProject
Project("{FAE04EC0-301F-11D3-BF4B-00C04F79EFBC}") = "MathLibrary", "MathLibrary\MathLibrary.csproj", "{F60A38D4-918B-49FB-9078-D1BD9E4ACF43}"
EndProject
Project("{FAE04EC0-301F-11D3-BF4B-00C04F79EFBC}") = "FormattingLibrary", "FormattingLibrary\FormattingLibrary.csproj", "{590C90F6-69E8-4280-82F4-54CE76B841C7}"
EndProject
Global
	GlobalSection(SolutionConfigurationPlatforms) = preSolution
		Debug|Any CPU = Debug|Any CPU
		Release|Any CPU = Release|Any CPU
	EndGlobalSection
	GlobalSection(ProjectConfigurationPlatforms) = postSolution
		{B4F6A313-1267-492C-B4C8-99F6B6EF34E6}.Debug|Any CPU.ActiveCfg = Debug|Any CPU
		{B4F6A313-1267-492C-B4C8-99F6B6EF34E6}.Debug|Any CPU.Build.0 = Debug|Any CPU
		{B4F6A313-1267-492C-B4C8-99F6B6EF34E6}.Release|Any CPU.ActiveCfg = Release|Any CPU
		{B4F6A313-1267-492C-B4C8-99F6B6EF34E6}.Release|Any CPU.Build.0 = Release|Any CPU
		{F60A38D4-918B-49FB-9078-D1BD9E4ACF43}.Debug|Any CPU.ActiveCfg = Debug|Any CPU
		{F60A38D4-918B-49FB-9078-D1BD9E4ACF43}.Debug|Any CPU.Build.0 = Debug|Any CPU
		{F60A38D4-918B-49FB-9078-D1BD9E4ACF43}.Release|Any CPU.ActiveCfg = Release|Any CPU
		{F60A38D4-918B-49FB-9078-D1BD9E4ACF43}.Release|Any CPU.Build.0 = Release|Any CPU
		{590C90F6-69E8-4280-82F4-54CE76B841C7}.Debug|Any CPU.ActiveCfg = Debug|Any CPU
		{590C90F6-69E8-4280-82F4-54CE76B841C7}.Debug|Any CPU.Build.0 = Debug|Any CPU
		{590C90F6-69E8-4280-82F4-54CE76B841C7}.Release|Any CPU.ActiveCfg = Release|Any CPU
		{590C90F6-69E8-4280-82F4-54CE76B841C7}.Release|Any CPU.Build.0 = Release|Any CPU
	EndGlobalSection
	GlobalSection(SolutionProperties) = preSolution
		HideSolutionNode = FALSE
	EndGlobalSection
	GlobalSection(ExtensibilityGlobals) = postSolution
		SolutionGuid = {B464F098-FBFB-452C-8122-4D0C94B98512}
	EndGlobalSection
EndGlobal
